
Microsoft Visual Studio Solution File, Format Version 12.00
# Visual Studio Version 17
VisualStudioVersion = 17.5.33516.290
MinimumVisualStudioVersion = 10.0.40219.1
Project("{FAE04EC0-301F-11D3-BF4B-00C04F79EFBC}") = "WebApplication3", "WebApplication3\WebApplication3.csproj", "{85E79FA8-5DA7-4AC5-874F-7901BE9EC26E}"
EndProject
Global
	GlobalSection(SolutionConfigurationPlatforms) = preSolution
		Debug|Any CPU = Debug|Any CPU
		Release|Any CPU = Release|Any CPU
	EndGlobalSection
	GlobalSection(ProjectConfigurationPlatforms) = postSolution
		{85E79FA8-5DA7-4AC5-874F-7901BE9EC26E}.Debug|Any CPU.ActiveCfg = Debug|Any CPU
		{85E79FA8-5DA7-4AC5-874F-7901BE9EC26E}.Debug|Any CPU.Build.0 = Debug|Any CPU
		{85E79FA8-5DA7-4AC5-874F-7901BE9EC26E}.Release|Any CPU.ActiveCfg = Release|Any CPU
		{85E79FA8-5DA7-4AC5-874F-7901BE9EC26E}.Release|Any CPU.Build.0 = Release|Any CPU
	EndGlobalSection
	GlobalSection(SolutionProperties) = preSolution
		HideSolutionNode = FALSE
	EndGlobalSection
	GlobalSection(ExtensibilityGlobals) = postSolution
		SolutionGuid = {472B71EA-D3A5-4C53-84F3-1EC00C898B69}
	EndGlobalSection
EndGlobal
